// !$*UTF8*$!
{
	archiveVersion = 1;
	classes = {
	};
	objectVersion = 56;
	objects = {

/* Begin PBXBuildFile section */
		A54095FD2927A4690092650C /* QuizApp.swift in Sources */ = {isa = PBXBuildFile; fileRef = A54095FC2927A4690092650C /* QuizApp.swift */; };
		A54096012927A46B0092650C /* Assets.xcassets in Resources */ = {isa = PBXBuildFile; fileRef = A54096002927A46B0092650C /* Assets.xcassets */; };
		A54096042927A46B0092650C /* Preview Assets.xcassets in Resources */ = {isa = PBXBuildFile; fileRef = A54096032927A46B0092650C /* Preview Assets.xcassets */; };
		A540960D2927A4E60092650C /* QuizzesView.swift in Sources */ = {isa = PBXBuildFile; fileRef = A540960C2927A4E60092650C /* QuizzesView.swift */; };
		A540960F2927A4F50092650C /* QuizItem.swift in Sources */ = {isa = PBXBuildFile; fileRef = A540960E2927A4F50092650C /* QuizItem.swift */; };
		A54096122927A5010092650C /* QuizzesModel.swift in Sources */ = {isa = PBXBuildFile; fileRef = A54096102927A5000092650C /* QuizzesModel.swift */; };
		A54096152927A7D90092650C /* QuizRowView.swift in Sources */ = {isa = PBXBuildFile; fileRef = A54096142927A7D90092650C /* QuizRowView.swift */; };
		A5409617292962380092650C /* MyAsyncImageView.swift in Sources */ = {isa = PBXBuildFile; fileRef = A5409616292962380092650C /* MyAsyncImageView.swift */; };
		A5409619292BB6C20092650C /* QuizPlayView.swift in Sources */ = {isa = PBXBuildFile; fileRef = A5409618292BB6C20092650C /* QuizPlayView.swift */; };
		A540961D292BF69D0092650C /* ScoreModel.swift in Sources */ = {isa = PBXBuildFile; fileRef = A540961C292BF69D0092650C /* ScoreModel.swift */; };
		A5409623292D045F0092650C /* Launch Screen.storyboard in Resources */ = {isa = PBXBuildFile; fileRef = A5409622292D045F0092650C /* Launch Screen.storyboard */; };
		A5AFB8CD2948A9EB006B9568 /* quizzes.json in Resources */ = {isa = PBXBuildFile; fileRef = A5AFB8CC2948A9EB006B9568 /* quizzes.json */; };
/* End PBXBuildFile section */

/* Begin PBXFileReference section */
		A54095F92927A4690092650C /* Quiz.app */ = {isa = PBXFileReference; explicitFileType = wrapper.application; includeInIndex = 0; path = Quiz.app; sourceTree = BUILT_PRODUCTS_DIR; };
		A54095FC2927A4690092650C /* QuizApp.swift */ = {isa = PBXFileReference; lastKnownFileType = sourcecode.swift; path = QuizApp.swift; sourceTree = "<group>"; };
		A54096002927A46B0092650C /* Assets.xcassets */ = {isa = PBXFileReference; lastKnownFileType = folder.assetcatalog; path = Assets.xcassets; sourceTree = "<group>"; };
		A54096032927A46B0092650C /* Preview Assets.xcassets */ = {isa = PBXFileReference; lastKnownFileType = folder.assetcatalog; path = "Preview Assets.xcassets"; sourceTree = "<group>"; };
		A540960C2927A4E60092650C /* QuizzesView.swift */ = {isa = PBXFileReference; fileEncoding = 4; lastKnownFileType = sourcecode.swift; path = QuizzesView.swift; sourceTree = "<group>"; };
		A540960E2927A4F50092650C /* QuizItem.swift */ = {isa = PBXFileReference; fileEncoding = 4; lastKnownFileType = sourcecode.swift; path = QuizItem.swift; sourceTree = "<group>"; };
		A54096102927A5000092650C /* QuizzesModel.swift */ = {isa = PBXFileReference; fileEncoding = 4; lastKnownFileType = sourcecode.swift; path = QuizzesModel.swift; sourceTree = "<group>"; };
		A54096142927A7D90092650C /* QuizRowView.swift */ = {isa = PBXFileReference; lastKnownFileType = sourcecode.swift; path = QuizRowView.swift; sourceTree = "<group>"; };
		A5409616292962380092650C /* MyAsyncImageView.swift */ = {isa = PBXFileReference; lastKnownFileType = sourcecode.swift; path = MyAsyncImageView.swift; sourceTree = "<group>"; };
		A5409618292BB6C20092650C /* QuizPlayView.swift */ = {isa = PBXFileReference; lastKnownFileType = sourcecode.swift; path = QuizPlayView.swift; sourceTree = "<group>"; };
		A540961C292BF69D0092650C /* ScoreModel.swift */ = {isa = PBXFileReference; lastKnownFileType = sourcecode.swift; path = ScoreModel.swift; sourceTree = "<group>"; };
		A5409622292D045F0092650C /* Launch Screen.storyboard */ = {isa = PBXFileReference; lastKnownFileType = file.storyboard; path = "Launch Screen.storyboard"; sourceTree = "<group>"; };
		A5AFB8CC2948A9EB006B9568 /* quizzes.json */ = {isa = PBXFileReference; fileEncoding = 4; lastKnownFileType = text.json; path = quizzes.json; sourceTree = "<group>"; };
/* End PBXFileReference section */

/* Begin PBXFrameworksBuildPhase section */
		A54095F62927A4690092650C /* Frameworks */ = {
			isa = PBXFrameworksBuildPhase;
			buildActionMask = 2147483647;
			files = (
			);
			runOnlyForDeploymentPostprocessing = 0;
		};
/* End PBXFrameworksBuildPhase section */

/* Begin PBXGroup section */
		A54095F02927A4690092650C = {
			isa = PBXGroup;
			children = (
				A54095FB2927A4690092650C /* quiz */,
				A54095FA2927A4690092650C /* Products */,
			);
			sourceTree = "<group>";
		};
		A54095FA2927A4690092650C /* Products */ = {
			isa = PBXGroup;
			children = (
				A54095F92927A4690092650C /* Quiz.app */,
			);
			name = Products;
			sourceTree = "<group>";
		};
		A54095FB2927A4690092650C /* quiz */ = {
			isa = PBXGroup;
			children = (
				A540960B2927A4CC0092650C /* Models */,
				A540960A2927A48D0092650C /* Views */,
				A54095FC2927A4690092650C /* QuizApp.swift */,
				A54096002927A46B0092650C /* Assets.xcassets */,
				A54096022927A46B0092650C /* Preview Content */,
				A5409622292D045F0092650C /* Launch Screen.storyboard */,
			);
			path = quiz;
			sourceTree = "<group>";
		};
		A54096022927A46B0092650C /* Preview Content */ = {
			isa = PBXGroup;
			children = (
				A54096032927A46B0092650C /* Preview Assets.xcassets */,
			);
			path = "Preview Content";
			sourceTree = "<group>";
		};
		A540960A2927A48D0092650C /* Views */ = {
			isa = PBXGroup;
			children = (
				A540960C2927A4E60092650C /* QuizzesView.swift */,
				A54096142927A7D90092650C /* QuizRowView.swift */,
				A5409616292962380092650C /* MyAsyncImageView.swift */,
				A5409618292BB6C20092650C /* QuizPlayView.swift */,
			);
			path = Views;
			sourceTree = "<group>";
		};
		A540960B2927A4CC0092650C /* Models */ = {
			isa = PBXGroup;
			children = (
				A540961B292BF67D0092650C /* Score */,
				A540961A292BF66E0092650C /* Quizzes */,
			);
			path = Models;
			sourceTree = "<group>";
		};
		A540961A292BF66E0092650C /* Quizzes */ = {
			isa = PBXGroup;
			children = (
				A540960E2927A4F50092650C /* QuizItem.swift */,
				A54096102927A5000092650C /* QuizzesModel.swift */,
				A5AFB8CC2948A9EB006B9568 /* quizzes.json */,
			);
			path = Quizzes;
			sourceTree = "<group>";
		};
		A540961B292BF67D0092650C /* Score */ = {
			isa = PBXGroup;
			children = (
				A540961C292BF69D0092650C /* ScoreModel.swift */,
			);
			path = Score;
			sourceTree = "<group>";
		};
/* End PBXGroup section */

/* Begin PBXNativeTarget section */
		A54095F82927A4690092650C /* Quiz */ = {
			isa = PBXNativeTarget;
			buildConfigurationList = A54096072927A46B0092650C /* Build configuration list for PBXNativeTarget "Quiz" */;
			buildPhases = (
				A54095F52927A4690092650C /* Sources */,
				A54095F62927A4690092650C /* Frameworks */,
				A54095F72927A4690092650C /* Resources */,
			);
			buildRules = (
			);
			dependencies = (
			);
			name = Quiz;
			productName = quiz;
			productReference = A54095F92927A4690092650C /* Quiz.app */;
			productType = "com.apple.product-type.application";
		};
/* End PBXNativeTarget section */

/* Begin PBXProject section */
		A54095F12927A4690092650C /* Project object */ = {
			isa = PBXProject;
			attributes = {
				BuildIndependentTargetsInParallel = 1;
				LastSwiftUpdateCheck = 1410;
				LastUpgradeCheck = 1410;
				TargetAttributes = {
					A54095F82927A4690092650C = {
						CreatedOnToolsVersion = 14.1;
					};
				};
			};
			buildConfigurationList = A54095F42927A4690092650C /* Build configuration list for PBXProject "Quiz" */;
			compatibilityVersion = "Xcode 14.0";
			developmentRegion = en;
			hasScannedForEncodings = 0;
			knownRegions = (
				en,
				Base,
			);
			mainGroup = A54095F02927A4690092650C;
			productRefGroup = A54095FA2927A4690092650C /* Products */;
			projectDirPath = "";
			projectRoot = "";
			targets = (
				A54095F82927A4690092650C /* Quiz */,
			);
		};
/* End PBXProject section */

/* Begin PBXResourcesBuildPhase section */
		A54095F72927A4690092650C /* Resources */ = {
			isa = PBXResourcesBuildPhase;
			buildActionMask = 2147483647;
			files = (
				A54096042927A46B0092650C /* Preview Assets.xcassets in Resources */,
				A54096012927A46B0092650C /* Assets.xcassets in Resources */,
				A5409623292D045F0092650C /* Launch Screen.storyboard in Resources */,
				A5AFB8CD2948A9EB006B9568 /* quizzes.json in Resources */,
			);
			runOnlyForDeploymentPostprocessing = 0;
		};
/* End PBXResourcesBuildPhase section */

/* Begin PBXSourcesBuildPhase section */
		A54095F52927A4690092650C /* Sources */ = {
			isa = PBXSourcesBuildPhase;
			buildActionMask = 2147483647;
			files = (
				A540961D292BF69D0092650C /* ScoreModel.swift in Sources */,
				A5409619292BB6C20092650C /* QuizPlayView.swift in Sources */,
				A540960F2927A4F50092650C /* QuizItem.swift in Sources */,
				A54096122927A5010092650C /* QuizzesModel.swift in Sources */,
				A540960D2927A4E60092650C /* QuizzesView.swift in Sources */,
				A5409617292962380092650C /* MyAsyncImageView.swift in Sources */,
				A54096152927A7D90092650C /* QuizRowView.swift in Sources */,
				A54095FD2927A4690092650C /* QuizApp.swift in Sources */,
			);
			runOnlyForDeploymentPostprocessing = 0;
		};
/* End PBXSourcesBuildPhase section */

/* Begin XCBuildConfiguration section */
		A54096052927A46B0092650C /* Debug */ = {
			isa = XCBuildConfiguration;
			buildSettings = {
				ALWAYS_SEARCH_USER_PATHS = NO;
				CLANG_ANALYZER_NONNULL = YES;
				CLANG_ANALYZER_NUMBER_OBJECT_CONVERSION = YES_AGGRESSIVE;
				CLANG_CXX_LANGUAGE_STANDARD = "gnu++20";
				CLANG_ENABLE_MODULES = YES;
				CLANG_ENABLE_OBJC_ARC = YES;
				CLANG_ENABLE_OBJC_WEAK = YES;
				CLANG_WARN_BLOCK_CAPTURE_AUTORELEASING = YES;
				CLANG_WARN_BOOL_CONVERSION = YES;
				CLANG_WARN_COMMA = YES;
				CLANG_WARN_CONSTANT_CONVERSION = YES;
				CLANG_WARN_DEPRECATED_OBJC_IMPLEMENTATIONS = YES;
				CLANG_WARN_DIRECT_OBJC_ISA_USAGE = YES_ERROR;
				CLANG_WARN_DOCUMENTATION_COMMENTS = YES;
				CLANG_WARN_EMPTY_BODY = YES;
				CLANG_WARN_ENUM_CONVERSION = YES;
				CLANG_WARN_INFINITE_RECURSION = YES;
				CLANG_WARN_INT_CONVERSION = YES;
				CLANG_WARN_NON_LITERAL_NULL_CONVERSION = YES;
				CLANG_WARN_OBJC_IMPLICIT_RETAIN_SELF = YES;
				CLANG_WARN_OBJC_LITERAL_CONVERSION = YES;
				CLANG_WARN_OBJC_ROOT_CLASS = YES_ERROR;
				CLANG_WARN_QUOTED_INCLUDE_IN_FRAMEWORK_HEADER = YES;
				CLANG_WARN_RANGE_LOOP_ANALYSIS = YES;
				CLANG_WARN_STRICT_PROTOTYPES = YES;
				CLANG_WARN_SUSPICIOUS_MOVE = YES;
				CLANG_WARN_UNGUARDED_AVAILABILITY = YES_AGGRESSIVE;
				CLANG_WARN_UNREACHABLE_CODE = YES;
				CLANG_WARN__DUPLICATE_METHOD_MATCH = YES;
				COPY_PHASE_STRIP = NO;
				DEBUG_INFORMATION_FORMAT = dwarf;
				ENABLE_STRICT_OBJC_MSGSEND = YES;
				ENABLE_TESTABILITY = YES;
				GCC_C_LANGUAGE_STANDARD = gnu11;
				GCC_DYNAMIC_NO_PIC = NO;
				GCC_NO_COMMON_BLOCKS = YES;
				GCC_OPTIMIZATION_LEVEL = 0;
				GCC_PREPROCESSOR_DEFINITIONS = (
					"DEBUG=1",
					"$(inherited)",
				);
				GCC_WARN_64_TO_32_BIT_CONVERSION = YES;
				GCC_WARN_ABOUT_RETURN_TYPE = YES_ERROR;
				GCC_WARN_UNDECLARED_SELECTOR = YES;
				GCC_WARN_UNINITIALIZED_AUTOS = YES_AGGRESSIVE;
				GCC_WARN_UNUSED_FUNCTION = YES;
				GCC_WARN_UNUSED_VARIABLE = YES;
				IPHONEOS_DEPLOYMENT_TARGET = 16.1;
				MTL_ENABLE_DEBUG_INFO = INCLUDE_SOURCE;
				MTL_FAST_MATH = YES;
				ONLY_ACTIVE_ARCH = YES;
				SDKROOT = iphoneos;
				SWIFT_ACTIVE_COMPILATION_CONDITIONS = DEBUG;
				SWIFT_OPTIMIZATION_LEVEL = "-Onone";
			};
			name = Debug;
		};
		A54096062927A46B0092650C /* Release */ = {
			isa = XCBuildConfiguration;
			buildSettings = {
				ALWAYS_SEARCH_USER_PATHS = NO;
				CLANG_ANALYZER_NONNULL = YES;
				CLANG_ANALYZER_NUMBER_OBJECT_CONVERSION = YES_AGGRESSIVE;
				CLANG_CXX_LANGUAGE_STANDARD = "gnu++20";
				CLANG_ENABLE_MODULES = YES;
				CLANG_ENABLE_OBJC_ARC = YES;
				CLANG_ENABLE_OBJC_WEAK = YES;
				CLANG_WARN_BLOCK_CAPTURE_AUTORELEASING = YES;
				CLANG_WARN_BOOL_CONVERSION = YES;
				CLANG_WARN_COMMA = YES;
				CLANG_WARN_CONSTANT_CONVERSION = YES;
				CLANG_WARN_DEPRECATED_OBJC_IMPLEMENTATIONS = YES;
				CLANG_WARN_DIRECT_OBJC_ISA_USAGE = YES_ERROR;
				CLANG_WARN_DOCUMENTATION_COMMENTS = YES;
				CLANG_WARN_EMPTY_BODY = YES;
				CLANG_WARN_ENUM_CONVERSION = YES;
				CLANG_WARN_INFINITE_RECURSION = YES;
				CLANG_WARN_INT_CONVERSION = YES;
				CLANG_WARN_NON_LITERAL_NULL_CONVERSION = YES;
				CLANG_WARN_OBJC_IMPLICIT_RETAIN_SELF = YES;
				CLANG_WARN_OBJC_LITERAL_CONVERSION = YES;
				CLANG_WARN_OBJC_ROOT_CLASS = YES_ERROR;
				CLANG_WARN_QUOTED_INCLUDE_IN_FRAMEWORK_HEADER = YES;
				CLANG_WARN_RANGE_LOOP_ANALYSIS = YES;
				CLANG_WARN_STRICT_PROTOTYPES = YES;
				CLANG_WARN_SUSPICIOUS_MOVE = YES;
				CLANG_WARN_UNGUARDED_AVAILABILITY = YES_AGGRESSIVE;
				CLANG_WARN_UNREACHABLE_CODE = YES;
				CLANG_WARN__DUPLICATE_METHOD_MATCH = YES;
				COPY_PHASE_STRIP = NO;
				DEBUG_INFORMATION_FORMAT = "dwarf-with-dsym";
				ENABLE_NS_ASSERTIONS = NO;
				ENABLE_STRICT_OBJC_MSGSEND = YES;
				GCC_C_LANGUAGE_STANDARD = gnu11;
				GCC_NO_COMMON_BLOCKS = YES;
				GCC_WARN_64_TO_32_BIT_CONVERSION = YES;
				GCC_WARN_ABOUT_RETURN_TYPE = YES_ERROR;
				GCC_WARN_UNDECLARED_SELECTOR = YES;
				GCC_WARN_UNINITIALIZED_AUTOS = YES_AGGRESSIVE;
				GCC_WARN_UNUSED_FUNCTION = YES;
				GCC_WARN_UNUSED_VARIABLE = YES;
				IPHONEOS_DEPLOYMENT_TARGET = 16.1;
				MTL_ENABLE_DEBUG_INFO = NO;
				MTL_FAST_MATH = YES;
				SDKROOT = iphoneos;
				SWIFT_COMPILATION_MODE = wholemodule;
				SWIFT_OPTIMIZATION_LEVEL = "-O";
				VALIDATE_PRODUCT = YES;
			};
			name = Release;
		};
		A54096082927A46B0092650C /* Debug */ = {
			isa = XCBuildConfiguration;
			buildSettings = {
				ASSETCATALOG_COMPILER_APPICON_NAME = AppIcon;
				ASSETCATALOG_COMPILER_GLOBAL_ACCENT_COLOR_NAME = AccentColor;
				CODE_SIGN_STYLE = Automatic;
				CURRENT_PROJECT_VERSION = 1;
				DEVELOPMENT_ASSET_PATHS = "\"quiz/Preview Content\"";
				DEVELOPMENT_TEAM = RWSA95D872;
				ENABLE_PREVIEWS = YES;
				GENERATE_INFOPLIST_FILE = YES;
				INFOPLIST_KEY_UIApplicationSceneManifest_Generation = YES;
				INFOPLIST_KEY_UIApplicationSupportsIndirectInputEvents = YES;
				INFOPLIST_KEY_UILaunchScreen_Generation = YES;
				INFOPLIST_KEY_UILaunchStoryboardName = "Launch Screen.storyboard";
				INFOPLIST_KEY_UIStatusBarStyle = "";
				INFOPLIST_KEY_UISupportedInterfaceOrientations_iPad = "UIInterfaceOrientationPortrait UIInterfaceOrientationPortraitUpsideDown UIInterfaceOrientationLandscapeLeft UIInterfaceOrientationLandscapeRight";
				INFOPLIST_KEY_UISupportedInterfaceOrientations_iPhone = "UIInterfaceOrientationPortrait UIInterfaceOrientationLandscapeLeft UIInterfaceOrientationLandscapeRight";
				LD_RUNPATH_SEARCH_PATHS = (
					"$(inherited)",
					"@executable_path/Frameworks",
				);
				MARKETING_VERSION = 1.0;
				PRODUCT_BUNDLE_IDENTIFIER = upm.es.quiz;
				PRODUCT_NAME = "$(TARGET_NAME)";
				SWIFT_EMIT_LOC_STRINGS = YES;
				SWIFT_VERSION = 5.0;
				TARGETED_DEVICE_FAMILY = "1,2";
			};
			name = Debug;
		};
		A54096092927A46B0092650C /* Release */ = {
			isa = XCBuildConfiguration;
			buildSettings = {
				ASSETCATALOG_COMPILER_APPICON_NAME = AppIcon;
				ASSETCATALOG_COMPILER_GLOBAL_ACCENT_COLOR_NAME = AccentColor;
				CODE_SIGN_STYLE = Automatic;
				CURRENT_PROJECT_VERSION = 1;
				DEVELOPMENT_ASSET_PATHS = "\"quiz/Preview Content\"";
				DEVELOPMENT_TEAM = RWSA95D872;
				ENABLE_PREVIEWS = YES;
				GENERATE_INFOPLIST_FILE = YES;
				INFOPLIST_KEY_UIApplicationSceneManifest_Generation = YES;
				INFOPLIST_KEY_UIApplicationSupportsIndirectInputEvents = YES;
				INFOPLIST_KEY_UILaunchScreen_Generation = YES;
				INFOPLIST_KEY_UILaunchStoryboardName = "Launch Screen.storyboard";
				INFOPLIST_KEY_UIStatusBarStyle = "";
				INFOPLIST_KEY_UISupportedInterfaceOrientations_iPad = "UIInterfaceOrientationPortrait UIInterfaceOrientationPortraitUpsideDown UIInterfaceOrientationLandscapeLeft UIInterfaceOrientationLandscapeRight";
				INFOPLIST_KEY_UISupportedInterfaceOrientations_iPhone = "UIInterfaceOrientationPortrait UIInterfaceOrientationLandscapeLeft UIInterfaceOrientationLandscapeRight";
				LD_RUNPATH_SEARCH_PATHS = (
					"$(inherited)",
					"@executable_path/Frameworks",
				);
				MARKETING_VERSION = 1.0;
				PRODUCT_BUNDLE_IDENTIFIER = upm.es.quiz;
				PRODUCT_NAME = "$(TARGET_NAME)";
				SWIFT_EMIT_LOC_STRINGS = YES;
				SWIFT_VERSION = 5.0;
				TARGETED_DEVICE_FAMILY = "1,2";
			};
			name = Release;
		};
/* End XCBuildConfiguration section */

/* Begin XCConfigurationList section */
		A54095F42927A4690092650C /* Build configuration list for PBXProject "Quiz" */ = {
			isa = XCConfigurationList;
			buildConfigurations = (
				A54096052927A46B0092650C /* Debug */,
				A54096062927A46B0092650C /* Release */,
			);
			defaultConfigurationIsVisible = 0;
			defaultConfigurationName = Release;
		};
		A54096072927A46B0092650C /* Build configuration list for PBXNativeTarget "Quiz" */ = {
			isa = XCConfigurationList;
			buildConfigurations = (
				A54096082927A46B0092650C /* Debug */,
				A54096092927A46B0092650C /* Release */,
			);
			defaultConfigurationIsVisible = 0;
			defaultConfigurationName = Release;
		};
/* End XCConfigurationList section */
	};
	rootObject = A54095F12927A4690092650C /* Project object */;
}
